GEM
  remote: https://rubygems.org/
  specs:
    actionpack (7.1.3.2)
      actionview (= 7.1.3.2)
    activerecord (7.1.3.2)
      activesupport (= 7.1.3.2)
    factory_bot (6.4.6)
      activesupport (>= 5.0.0)
    factory_bot_rails (6.4.3)
      factory_bot (~> 6.4)
    nokogiri (1.16.2-arm64-darwin)
    rails (7.1.3.2)
      actionpack (= 7.1.3.2)
      activerecord (= 7.1.3.2)
    rspec-rails (6.1.1)
      rspec-core (~> 3.13)
    webmock (3.23.0)

PLATFORMS
  arm64-darwin-23

DEPENDENCIES
  factory_bot_rails
  rails (~> 7.1)
  rspec-rails
  webmock

RUBY VERSION
   ruby 3.2.2p53

BUNDLED WITH
   2.5.6
